<Solution>
  <Folder Name="/src/">
    <Project Path="src/PasswordVault.Api/PasswordVault.Api.csproj" />
    <Project Path="src/PasswordVault.Application/PasswordVault.Application.csproj" />
    <Project Path="src/PasswordVault.Domain/PasswordVault.Domain.csproj" />
    <Project Path="src/PasswordVault.Infrastructure/PasswordVault.Infrastructure.csproj" />
  </Folder>
  <Folder Name="/tests/">
    <Project Path="tests/PasswordVault.Tests/PasswordVault.Tests.csproj" />
  </Folder>
</Solution>
